// !$*UTF8*$!
{
	archiveVersion = 1;
	classes = {
	};
	objectVersion = 50;
	objects = {

/* Begin PBXBuildFile section */
		B114E54A25D385E200EA2831 /* MovieCell.swift in Sources */ = {isa = PBXBuildFile; fileRef = B114E54925D385E200EA2831 /* MovieCell.swift */; };
		B1203A2225D228C400DC2890 /* AppDelegate.swift in Sources */ = {isa = PBXBuildFile; fileRef = B1203A2125D228C400DC2890 /* AppDelegate.swift */; };
		B1203A2425D228C400DC2890 /* SceneDelegate.swift in Sources */ = {isa = PBXBuildFile; fileRef = B1203A2325D228C400DC2890 /* SceneDelegate.swift */; };
		B1203A2625D228C400DC2890 /* ViewController.swift in Sources */ = {isa = PBXBuildFile; fileRef = B1203A2525D228C400DC2890 /* ViewController.swift */; };
		B1203A2925D228C400DC2890 /* Main.storyboard in Resources */ = {isa = PBXBuildFile; fileRef = B1203A2725D228C400DC2890 /* Main.storyboard */; };
		B1203A2B25D228C400DC2890 /* Assets.xcassets in Resources */ = {isa = PBXBuildFile; fileRef = B1203A2A25D228C400DC2890 /* Assets.xcassets */; };
		B1203A2E25D228C400DC2890 /* LaunchScreen.storyboard in Resources */ = {isa = PBXBuildFile; fileRef = B1203A2C25D228C400DC2890 /* LaunchScreen.storyboard */; };
		B1203A3725D229B800DC2890 /* ListViewController.swift in Sources */ = {isa = PBXBuildFile; fileRef = B1203A3625D229B800DC2890 /* ListViewController.swift */; };
		B1203A3A25D2432100DC2890 /* MovieVO.swift in Sources */ = {isa = PBXBuildFile; fileRef = B1203A3925D2432100DC2890 /* MovieVO.swift */; };
/* End PBXBuildFile section */

/* Begin PBXFileReference section */
		B114E54925D385E200EA2831 /* MovieCell.swift */ = {isa = PBXFileReference; lastKnownFileType = sourcecode.swift; path = MovieCell.swift; sourceTree = "<group>"; };
		B114E55425D38B7900EA2831 /* darknight.jpg */ = {isa = PBXFileReference; lastKnownFileType = image.jpeg; path = darknight.jpg; sourceTree = "<group>"; };
		B114E55525D38B7B00EA2831 /* rain.jpg */ = {isa = PBXFileReference; lastKnownFileType = image.jpeg; path = rain.jpg; sourceTree = "<group>"; };
		B114E55625D38B7D00EA2831 /* secret.jpg */ = {isa = PBXFileReference; lastKnownFileType = image.jpeg; path = secret.jpg; sourceTree = "<group>"; };
		B1203A1E25D228C400DC2890 /* MyMovieChart.app */ = {isa = PBXFileReference; explicitFileType = wrapper.application; includeInIndex = 0; path = MyMovieChart.app; sourceTree = BUILT_PRODUCTS_DIR; };
		B1203A2125D228C400DC2890 /* AppDelegate.swift */ = {isa = PBXFileReference; lastKnownFileType = sourcecode.swift; path = AppDelegate.swift; sourceTree = "<group>"; };
		B1203A2325D228C400DC2890 /* SceneDelegate.swift */ = {isa = PBXFileReference; lastKnownFileType = sourcecode.swift; path = SceneDelegate.swift; sourceTree = "<group>"; };
		B1203A2525D228C400DC2890 /* ViewController.swift */ = {isa = PBXFileReference; lastKnownFileType = sourcecode.swift; path = ViewController.swift; sourceTree = "<group>"; };
		B1203A2825D228C400DC2890 /* Base */ = {isa = PBXFileReference; lastKnownFileType = file.storyboard; name = Base; path = Base.lproj/Main.storyboard; sourceTree = "<group>"; };
		B1203A2A25D228C400DC2890 /* Assets.xcassets */ = {isa = PBXFileReference; lastKnownFileType = folder.assetcatalog; path = Assets.xcassets; sourceTree = "<group>"; };
		B1203A2D25D228C400DC2890 /* Base */ = {isa = PBXFileReference; lastKnownFileType = file.storyboard; name = Base; path = Base.lproj/LaunchScreen.storyboard; sourceTree = "<group>"; };
		B1203A2F25D228C400DC2890 /* Info.plist */ = {isa = PBXFileReference; lastKnownFileType = text.plist.xml; path = Info.plist; sourceTree = "<group>"; };
		B1203A3625D229B800DC2890 /* ListViewController.swift */ = {isa = PBXFileReference; lastKnownFileType = sourcecode.swift; path = ListViewController.swift; sourceTree = "<group>"; };
		B1203A3925D2432100DC2890 /* MovieVO.swift */ = {isa = PBXFileReference; lastKnownFileType = sourcecode.swift; path = MovieVO.swift; sourceTree = "<group>"; };
/* End PBXFileReference section */

/* Begin PBXFrameworksBuildPhase section */
		B1203A1B25D228C400DC2890 /* Frameworks */ = {
			isa = PBXFrameworksBuildPhase;
			buildActionMask = 2147483647;
			files = (
			);
			runOnlyForDeploymentPostprocessing = 0;
		};
/* End PBXFrameworksBuildPhase section */

/* Begin PBXGroup section */
		B114E54C25D38A1900EA2831 /* Resource */ = {
			isa = PBXGroup;
			children = (
				B114E55625D38B7D00EA2831 /* secret.jpg */,
				B114E55525D38B7B00EA2831 /* rain.jpg */,
				B114E55425D38B7900EA2831 /* darknight.jpg */,
			);
			path = Resource;
			sourceTree = "<group>";
		};
		B1203A1525D228C400DC2890 = {
			isa = PBXGroup;
			children = (
				B1203A2025D228C400DC2890 /* MyMovieChart */,
				B1203A1F25D228C400DC2890 /* Products */,
			);
			sourceTree = "<group>";
		};
		B1203A1F25D228C400DC2890 /* Products */ = {
			isa = PBXGroup;
			children = (
				B1203A1E25D228C400DC2890 /* MyMovieChart.app */,
			);
			name = Products;
			sourceTree = "<group>";
		};
		B1203A2025D228C400DC2890 /* MyMovieChart */ = {
			isa = PBXGroup;
			children = (
				B114E54C25D38A1900EA2831 /* Resource */,
				B1203A2125D228C400DC2890 /* AppDelegate.swift */,
				B1203A2325D228C400DC2890 /* SceneDelegate.swift */,
				B1203A2525D228C400DC2890 /* ViewController.swift */,
				B1203A2725D228C400DC2890 /* Main.storyboard */,
				B1203A2A25D228C400DC2890 /* Assets.xcassets */,
				B1203A2C25D228C400DC2890 /* LaunchScreen.storyboard */,
				B1203A2F25D228C400DC2890 /* Info.plist */,
				B1203A3625D229B800DC2890 /* ListViewController.swift */,
				B1203A3925D2432100DC2890 /* MovieVO.swift */,
				B114E54925D385E200EA2831 /* MovieCell.swift */,
			);
			path = MyMovieChart;
			sourceTree = "<group>";
		};
/* End PBXGroup section */

/* Begin PBXNativeTarget section */
		B1203A1D25D228C400DC2890 /* MyMovieChart */ = {
			isa = PBXNativeTarget;
			buildConfigurationList = B1203A3225D228C400DC2890 /* Build configuration list for PBXNativeTarget "MyMovieChart" */;
			buildPhases = (
				B1203A1A25D228C400DC2890 /* Sources */,
				B1203A1B25D228C400DC2890 /* Frameworks */,
				B1203A1C25D228C400DC2890 /* Resources */,
			);
			buildRules = (
			);
			dependencies = (
			);
			name = MyMovieChart;
			productName = MyMovieChart;
			productReference = B1203A1E25D228C400DC2890 /* MyMovieChart.app */;
			productType = "com.apple.product-type.application";
		};
/* End PBXNativeTarget section */

/* Begin PBXProject section */
		B1203A1625D228C400DC2890 /* Project object */ = {
			isa = PBXProject;
			attributes = {
				LastSwiftUpdateCheck = 1240;
				LastUpgradeCheck = 1240;
				TargetAttributes = {
					B1203A1D25D228C400DC2890 = {
						CreatedOnToolsVersion = 12.4;
					};
				};
			};
			buildConfigurationList = B1203A1925D228C400DC2890 /* Build configuration list for PBXProject "MyMovieChart" */;
			compatibilityVersion = "Xcode 9.3";
			developmentRegion = en;
			hasScannedForEncodings = 0;
			knownRegions = (
				en,
				Base,
			);
			mainGroup = B1203A1525D228C400DC2890;
			productRefGroup = B1203A1F25D228C400DC2890 /* Products */;
			projectDirPath = "";
			projectRoot = "";
			targets = (
				B1203A1D25D228C400DC2890 /* MyMovieChart */,
			);
		};
/* End PBXProject section */

/* Begin PBXResourcesBuildPhase section */
		B1203A1C25D228C400DC2890 /* Resources */ = {
			isa = PBXResourcesBuildPhase;
			buildActionMask = 2147483647;
			files = (
				B1203A2E25D228C400DC2890 /* LaunchScreen.storyboard in Resources */,
				B1203A2B25D228C400DC2890 /* Assets.xcassets in Resources */,
				B1203A2925D228C400DC2890 /* Main.storyboard in Resources */,
			);
			runOnlyForDeploymentPostprocessing = 0;
		};
/* End PBXResourcesBuildPhase section */

/* Begin PBXSourcesBuildPhase section */
		B1203A1A25D228C400DC2890 /* Sources */ = {
			isa = PBXSourcesBuildPhase;
			buildActionMask = 2147483647;
			files = (
				B1203A2625D228C400DC2890 /* ViewController.swift in Sources */,
				B1203A2225D228C400DC2890 /* AppDelegate.swift in Sources */,
				B114E54A25D385E200EA2831 /* MovieCell.swift in Sources */,
				B1203A3725D229B800DC2890 /* ListViewController.swift in Sources */,
				B1203A2425D228C400DC2890 /* SceneDelegate.swift in Sources */,
				B1203A3A25D2432100DC2890 /* MovieVO.swift in Sources */,
			);
			runOnlyForDeploymentPostprocessing = 0;
		};
/* End PBXSourcesBuildPhase section */

/* Begin PBXVariantGroup section */
		B1203A2725D228C400DC2890 /* Main.storyboard */ = {
			isa = PBXVariantGroup;
			children = (
				B1203A2825D228C400DC2890 /* Base */,
			);
			name = Main.storyboard;
			sourceTree = "<group>";
		};
		B1203A2C25D228C400DC2890 /* LaunchScreen.storyboard */ = {
			isa = PBXVariantGroup;
			children = (
				B1203A2D25D228C400DC2890 /* Base */,
			);
			name = LaunchScreen.storyboard;
			sourceTree = "<group>";
		};
/* End PBXVariantGroup section */

/* Begin XCBuildConfiguration section */
		B1203A3025D228C400DC2890 /* Debug */ = {
			isa = XCBuildConfiguration;
			buildSettings = {
				ALWAYS_SEARCH_USER_PATHS = NO;
				CLANG_ANALYZER_NONNULL = YES;
				CLANG_ANALYZER_NUMBER_OBJECT_CONVERSION = YES_AGGRESSIVE;
				CLANG_CXX_LANGUAGE_STANDARD = "gnu++14";
				CLANG_CXX_LIBRARY = "libc++";
				CLANG_ENABLE_MODULES = YES;
				CLANG_ENABLE_OBJC_ARC = YES;
				CLANG_ENABLE_OBJC_WEAK = YES;
				CLANG_WARN_BLOCK_CAPTURE_AUTORELEASING = YES;
				CLANG_WARN_BOOL_CONVERSION = YES;
				CLANG_WARN_COMMA = YES;
				CLANG_WARN_CONSTANT_CONVERSION = YES;
				CLANG_WARN_DEPRECATED_OBJC_IMPLEMENTATIONS = YES;
				CLANG_WARN_DIRECT_OBJC_ISA_USAGE = YES_ERROR;
				CLANG_WARN_DOCUMENTATION_COMMENTS = YES;
				CLANG_WARN_EMPTY_BODY = YES;
				CLANG_WARN_ENUM_CONVERSION = YES;
				CLANG_WARN_INFINITE_RECURSION = YES;
				CLANG_WARN_INT_CONVERSION = YES;
				CLANG_WARN_NON_LITERAL_NULL_CONVERSION = YES;
				CLANG_WARN_OBJC_IMPLICIT_RETAIN_SELF = YES;
				CLANG_WARN_OBJC_LITERAL_CONVERSION = YES;
				CLANG_WARN_OBJC_ROOT_CLASS = YES_ERROR;
				CLANG_WARN_QUOTED_INCLUDE_IN_FRAMEWORK_HEADER = YES;
				CLANG_WARN_RANGE_LOOP_ANALYSIS = YES;
				CLANG_WARN_STRICT_PROTOTYPES = YES;
				CLANG_WARN_SUSPICIOUS_MOVE = YES;
				CLANG_WARN_UNGUARDED_AVAILABILITY = YES_AGGRESSIVE;
				CLANG_WARN_UNREACHABLE_CODE = YES;
				CLANG_WARN__DUPLICATE_METHOD_MATCH = YES;
				COPY_PHASE_STRIP = NO;
				DEBUG_INFORMATION_FORMAT = dwarf;
				ENABLE_STRICT_OBJC_MSGSEND = YES;
				ENABLE_TESTABILITY = YES;
				GCC_C_LANGUAGE_STANDARD = gnu11;
				GCC_DYNAMIC_NO_PIC = NO;
				GCC_NO_COMMON_BLOCKS = YES;
				GCC_OPTIMIZATION_LEVEL = 0;
				GCC_PREPROCESSOR_DEFINITIONS = (
					"DEBUG=1",
					"$(inherited)",
				);
				GCC_WARN_64_TO_32_BIT_CONVERSION = YES;
				GCC_WARN_ABOUT_RETURN_TYPE = YES_ERROR;
				GCC_WARN_UNDECLARED_SELECTOR = YES;
				GCC_WARN_UNINITIALIZED_AUTOS = YES_AGGRESSIVE;
				GCC_WARN_UNUSED_FUNCTION = YES;
				GCC_WARN_UNUSED_VARIABLE = YES;
				IPHONEOS_DEPLOYMENT_TARGET = 14.4;
				MTL_ENABLE_DEBUG_INFO = INCLUDE_SOURCE;
				MTL_FAST_MATH = YES;
				ONLY_ACTIVE_ARCH = YES;
				SDKROOT = iphoneos;
				SWIFT_ACTIVE_COMPILATION_CONDITIONS = DEBUG;
				SWIFT_OPTIMIZATION_LEVEL = "-Onone";
			};
			name = Debug;
		};
		B1203A3125D228C400DC2890 /* Release */ = {
			isa = XCBuildConfiguration;
			buildSettings = {
				ALWAYS_SEARCH_USER_PATHS = NO;
				CLANG_ANALYZER_NONNULL = YES;
				CLANG_ANALYZER_NUMBER_OBJECT_CONVERSION = YES_AGGRESSIVE;
				CLANG_CXX_LANGUAGE_STANDARD = "gnu++14";
				CLANG_CXX_LIBRARY = "libc++";
				CLANG_ENABLE_MODULES = YES;
				CLANG_ENABLE_OBJC_ARC = YES;
				CLANG_ENABLE_OBJC_WEAK = YES;
				CLANG_WARN_BLOCK_CAPTURE_AUTORELEASING = YES;
				CLANG_WARN_BOOL_CONVERSION = YES;
				CLANG_WARN_COMMA = YES;
				CLANG_WARN_CONSTANT_CONVERSION = YES;
				CLANG_WARN_DEPRECATED_OBJC_IMPLEMENTATIONS = YES;
				CLANG_WARN_DIRECT_OBJC_ISA_USAGE = YES_ERROR;
				CLANG_WARN_DOCUMENTATION_COMMENTS = YES;
				CLANG_WARN_EMPTY_BODY = YES;
				CLANG_WARN_ENUM_CONVERSION = YES;
				CLANG_WARN_INFINITE_RECURSION = YES;
				CLANG_WARN_INT_CONVERSION = YES;
				CLANG_WARN_NON_LITERAL_NULL_CONVERSION = YES;
				CLANG_WARN_OBJC_IMPLICIT_RETAIN_SELF = YES;
				CLANG_WARN_OBJC_LITERAL_CONVERSION = YES;
				CLANG_WARN_OBJC_ROOT_CLASS = YES_ERROR;
				CLANG_WARN_QUOTED_INCLUDE_IN_FRAMEWORK_HEADER = YES;
				CLANG_WARN_RANGE_LOOP_ANALYSIS = YES;
				CLANG_WARN_STRICT_PROTOTYPES = YES;
				CLANG_WARN_SUSPICIOUS_MOVE = YES;
				CLANG_WARN_UNGUARDED_AVAILABILITY = YES_AGGRESSIVE;
				CLANG_WARN_UNREACHABLE_CODE = YES;
				CLANG_WARN__DUPLICATE_METHOD_MATCH = YES;
				COPY_PHASE_STRIP = NO;
				DEBUG_INFORMATION_FORMAT = "dwarf-with-dsym";
				ENABLE_NS_ASSERTIONS = NO;
				ENABLE_STRICT_OBJC_MSGSEND = YES;
				GCC_C_LANGUAGE_STANDARD = gnu11;
				GCC_NO_COMMON_BLOCKS = YES;
				GCC_WARN_64_TO_32_BIT_CONVERSION = YES;
				GCC_WARN_ABOUT_RETURN_TYPE = YES_ERROR;
				GCC_WARN_UNDECLARED_SELECTOR = YES;
				GCC_WARN_UNINITIALIZED_AUTOS = YES_AGGRESSIVE;
				GCC_WARN_UNUSED_FUNCTION = YES;
				GCC_WARN_UNUSED_VARIABLE = YES;
				IPHONEOS_DEPLOYMENT_TARGET = 14.4;
				MTL_ENABLE_DEBUG_INFO = NO;
				MTL_FAST_MATH = YES;
				SDKROOT = iphoneos;
				SWIFT_COMPILATION_MODE = wholemodule;
				SWIFT_OPTIMIZATION_LEVEL = "-O";
				VALIDATE_PRODUCT = YES;
			};
			name = Release;
		};
		B1203A3325D228C400DC2890 /* Debug */ = {
			isa = XCBuildConfiguration;
			buildSettings = {
				ASSETCATALOG_COMPILER_APPICON_NAME = AppIcon;
				ASSETCATALOG_COMPILER_GLOBAL_ACCENT_COLOR_NAME = AccentColor;
				CODE_SIGN_STYLE = Automatic;
				DEVELOPMENT_TEAM = 38PD5AHVVF;
				INFOPLIST_FILE = MyMovieChart/Info.plist;
				LD_RUNPATH_SEARCH_PATHS = (
					"$(inherited)",
					"@executable_path/Frameworks",
				);
				PRODUCT_BUNDLE_IDENTIFIER = lgw9898.MyMovieChart;
				PRODUCT_NAME = "$(TARGET_NAME)";
				SWIFT_VERSION = 5.0;
				TARGETED_DEVICE_FAMILY = "1,2";
			};
			name = Debug;
		};
		B1203A3425D228C400DC2890 /* Release */ = {
			isa = XCBuildConfiguration;
			buildSettings = {
				ASSETCATALOG_COMPILER_APPICON_NAME = AppIcon;
				ASSETCATALOG_COMPILER_GLOBAL_ACCENT_COLOR_NAME = AccentColor;
				CODE_SIGN_STYLE = Automatic;
				DEVELOPMENT_TEAM = 38PD5AHVVF;
				INFOPLIST_FILE = MyMovieChart/Info.plist;
				LD_RUNPATH_SEARCH_PATHS = (
					"$(inherited)",
					"@executable_path/Frameworks",
				);
				PRODUCT_BUNDLE_IDENTIFIER = lgw9898.MyMovieChart;
				PRODUCT_NAME = "$(TARGET_NAME)";
				SWIFT_VERSION = 5.0;
				TARGETED_DEVICE_FAMILY = "1,2";
			};
			name = Release;
		};
/* End XCBuildConfiguration section */

/* Begin XCConfigurationList section */
		B1203A1925D228C400DC2890 /* Build configuration list for PBXProject "MyMovieChart" */ = {
			isa = XCConfigurationList;
			buildConfigurations = (
				B1203A3025D228C400DC2890 /* Debug */,
				B1203A3125D228C400DC2890 /* Release */,
			);
			defaultConfigurationIsVisible = 0;
			defaultConfigurationName = Release;
		};
		B1203A3225D228C400DC2890 /* Build configuration list for PBXNativeTarget "MyMovieChart" */ = {
			isa = XCConfigurationList;
			buildConfigurations = (
				B1203A3325D228C400DC2890 /* Debug */,
				B1203A3425D228C400DC2890 /* Release */,
			);
			defaultConfigurationIsVisible = 0;
			defaultConfigurationName = Release;
		};
/* End XCConfigurationList section */
	};
	rootObject = B1203A1625D228C400DC2890 /* Project object */;
}
